%{
  "castore": {:hex, :castore, "0.1.19", "a2c3e46d62b7f3aa2e6f88541c21d7400381e53704394462b9fd4f06f6d42bb6", [:mix], [], "hexpm", "e96e0161a5dc82ef441da24d5fa74aefc40d920f3a6645d15e1f9f3e66bb2109"},
  "explorer": {:hex, :explorer, "0.4.0", "32497d04ce0d11cddc29457a3e8371ba24b142ec80e618407bfebdc19e0ce0d9", [:mix], [{:nx, "~> 0.4.0", [hex: :nx, repo: "hexpm", optional: true]}, {:rustler, ">= 0.0.0", [hex: :rustler, repo: "hexpm", optional: false]}, {:rustler_precompiled, "~> 0.5", [hex: :rustler_precompiled, repo: "hexpm", optional: false]}, {:table, "~> 0.1.2", [hex: :table, repo: "hexpm", optional: false]}, {:table_rex, "~> 3.1.1", [hex: :table_rex, repo: "hexpm", optional: false]}], "hexpm", "59c30c7e9e1aca8a9bab661b9be38be20d453364c445894aae2e1bb4ae4b5c55"},
  "jason": {:hex, :jason, "1.4.0", "e855647bc964a44e2f67df589ccf49105ae039d4179db7f6271dfd3843dc27e6", [:mix], [{:decimal, "~> 1.0 or ~> 2.0", [hex: :decimal, repo: "hexpm", optional: true]}], "hexpm", "79a3791085b2a0f743ca04cec0f7be26443738779d09302e01318f97bdb82121"},
  "rustler": {:hex, :rustler, "0.26.0", "06a2773d453ee3e9109efda643cf2ae633dedea709e2455ac42b83637c9249bf", [:mix], [{:jason, "~> 1.0", [hex: :jason, repo: "hexpm", optional: false]}, {:toml, "~> 0.6", [hex: :toml, repo: "hexpm", optional: false]}], "hexpm", "42961e9d2083d004d5a53e111ad1f0c347efd9a05cb2eb2ffa1d037cdc74db91"},
  "rustler_precompiled": {:hex, :rustler_precompiled, "0.5.4", "34f79a8bdeeb094590b6d88a03469c90d2192c45ac10afcae2acf4f1b925b2dc", [:mix], [{:castore, "~> 0.1", [hex: :castore, repo: "hexpm", optional: false]}, {:rustler, "~> 0.23", [hex: :rustler, repo: "hexpm", optional: true]}], "hexpm", "c5a078315c5f450281f75c0953b14535fbaaad737b85a97a2b72983f45cc30d2"},
  "table": {:hex, :table, "0.1.2", "87ad1125f5b70c5dea0307aa633194083eb5182ec537efc94e96af08937e14a8", [:mix], [], "hexpm", "7e99bc7efef806315c7e65640724bf165c3061cdc5d854060f74468367065029"},
  "table_rex": {:hex, :table_rex, "3.1.1", "0c67164d1714b5e806d5067c1e96ff098ba7ae79413cc075973e17c38a587caa", [:mix], [], "hexpm", "678a23aba4d670419c23c17790f9dcd635a4a89022040df7d5d772cb21012490"},
  "toml": {:hex, :toml, "0.7.0", "fbcd773caa937d0c7a02c301a1feea25612720ac3fa1ccb8bfd9d30d822911de", [:mix], [], "hexpm", "0690246a2478c1defd100b0c9b89b4ea280a22be9a7b313a8a058a2408a2fa70"},
}
